lockfileVersion: '9.0'

settings:
  autoInstallPeers: true
  excludeLinksFromLockfile: false

importers:

  .:
    dependencies:
      '@hubspot/ui-extensions':
        specifier: latest
        version: 0.10.1(@remote-ui/react@5.0.8(react@18.3.1))(react@18.3.1)(typescript@5.9.2)
      react:
        specifier: ^18.2.0
        version: 18.3.1
    devDependencies:
      typescript:
        specifier: ^5.3.3
        version: 5.9.2

packages:

  '@hubspot/ui-extensions@0.10.1':
    resolution: {integrity: sha512-JFJX4TF6CdYkcM5BtBVOSiAmIAq7q2uQX8+SmJdXRLfjglxz8uJdMtj53nMusBCtogMMepTXOPssqboLYS4kGQ==}
    engines: {node: '>=16'}
    peerDependencies:
      '@remote-ui/react': ^5.0.0
      jest: '*'
      react: ^18.2.0
      typescript: ^5.0.4
    peerDependenciesMeta:
      jest:
        optional: true
      typescript:
        optional: true

  '@jest/types@26.6.2':
    resolution: {integrity: sha512-fC6QCp7Sc5sX6g8Tvbmj4XUTbyrik0akgRy03yjXbQaBWWNWGE7SGtJk98m0N8nzegD/7SggrUlivxo5ax4KWQ==}
    engines: {node: '>= 10.14.2'}

  '@remote-ui/async-subscription@2.1.18':
    resolution: {integrity: sha512-O+76qOiTGN6iJZBFncELNIBnhCbHAIYrsrG0n3SjmwXE9Gy6nl4xZoa5FqIcw5VPz7EAdwKBkFsRE5uyQB7FOw==}

  '@remote-ui/core@2.2.7':
    resolution: {integrity: sha512-9eiTKy2eNKcT76xS0Dpz06ae2oClGAUUjx+HTDsz6fh7n/SS8Avid5N7GOaRiny/6T/cMJxaCeycMQJsEviGjA==}

  '@remote-ui/react@5.0.8':
    resolution: {integrity: sha512-GUwqP0b4m2TQ8THbsjhBvvYXZfvyWbP6HlYtzKw7izW9C49DWrixLuSz41kB4Ae7MI1OUfKy3xHtwXeLWa+nuA==}
    peerDependencies:
      react: '>=17.0.0 <19.0.0'
      react-reconciler: '>=0.26.0 <0.30.0'
    peerDependenciesMeta:
      react-reconciler:
        optional: true

  '@remote-ui/rpc@1.4.7':
    resolution: {integrity: sha512-ORiaKsbVBSEi3Z4YWOj5Ucrp70NrkNktI1hdqqfBW7Z3o0YoxTX9MIqtLmsc6721IbjmExvLrLip5I5Y7uAbng==}

  '@remote-ui/testing@1.4.3':
    resolution: {integrity: sha512-gjR6wl3nK6Ym3+B3JKjbsrV34Oqs6TOh84vMAhwKlugRR7538dLClt958sNRMruVJK9jEXTGytmvn7wYCr5aHQ==}

  '@remote-ui/types@1.1.3':
    resolution: {integrity: sha512-P1kN1F3p0oMgnLN8Of1Ie9am3sLvJ7nhqHH1pvzkrxqjVwhhyPVZNcwOHyUNZPKp62izhDavdrcnqrdXzVJqGA==}

  '@types/istanbul-lib-coverage@2.0.6':
    resolution: {integrity: sha512-2QF/t/auWm0lsy8XtKVPG19v3sSOQlJe/YHZgfjb/KBBHOGSV+J2q/S671rcq9uTBrLAXmZpqJiaQbMT+zNU1w==}

  '@types/istanbul-lib-report@3.0.3':
    resolution: {integrity: sha512-NQn7AHQnk/RSLOxrBbGyJM/aVQ+pjj5HCgasFxc0K/KhoATfQ/47AyUl15I2yBUpihjmas+a+VJBOqecrFH+uA==}

  '@types/istanbul-reports@3.0.4':
    resolution: {integrity: sha512-pk2B1NWalF9toCRu6gjBzR69syFjP4Od8WRAX+0mmf9lAjCRicLOWc+ZrxZHx/0XRjotgkF9t6iaMJ+aXcOdZQ==}

  '@types/node@24.5.1':
    resolution: {integrity: sha512-/SQdmUP2xa+1rdx7VwB9yPq8PaKej8TD5cQ+XfKDPWWC+VDJU4rvVVagXqKUzhKjtFoNA8rXDJAkCxQPAe00+Q==}

  '@types/prop-types@15.7.15':
    resolution: {integrity: sha512-F6bEyamV9jKGAFBEmlQnesRPGOQqS2+Uwi0Em15xenOxHaf2hv6L8YCVn3rPdPJOiJfPiCnLIRyvwVaqMY3MIw==}

  '@types/react-reconciler@0.28.9':
    resolution: {integrity: sha512-HHM3nxyUZ3zAylX8ZEyrDNd2XZOnQ0D5XfunJF5FLQnZbHHYq4UWvW1QfelQNXv1ICNkwYhfxjwfnqivYB6bFg==}
    peerDependencies:
      '@types/react': '*'

  '@types/react@18.3.24':
    resolution: {integrity: sha512-0dLEBsA1kI3OezMBF8nSsb7Nk19ZnsyE1LLhB8r27KbgU5H4pvuqZLdtE+aUkJVoXgTVuA+iLIwmZ0TuK4tx6A==}

  '@types/yargs-parser@21.0.3':
    resolution: {integrity: sha512-I4q9QU9MQv4oEOz4tAHJtNz1cwuLxn2F3xcc2iV5WdqLPpUnj30aUuxt1mAxYTG+oe8CZMV/+6rU4S4gRDzqtQ==}

  '@types/yargs@15.0.19':
    resolution: {integrity: sha512-2XUaGVmyQjgyAZldf0D0c14vvo/yv0MhQBSTJcejMMaitsn3nxCB6TmH4G0ZQf+uxROOa9mpanoSm8h6SG/1ZA==}

  ansi-regex@5.0.1:
    resolution: {integrity: sha512-quJQXlTSUGL2LH9SUXo8VwsY4soanhgo6LNSm84E1LBcE8s3O0wpdiRzyR9z/ZZJMlMWv37qOOb9pdJlMUEKFQ==}
    engines: {node: '>=8'}

  ansi-styles@4.3.0:
    resolution: {integrity: sha512-zbB9rCJAT1rbjiVDb2hqKFHNYLxgtk8NURxZ3IZwD3F6NtxbXZQCnnSi1Lkx+IDohdPlFp222wVALIheZJQSEg==}
    engines: {node: '>=8'}

  chalk@4.1.2:
    resolution: {integrity: sha512-oKnbhFyRIXpUuez8iBMmyEa4nbj4IOQyuhc/wy9kY7/WVPcwIO9VA668Pu8RkO7+0G76SLROeyw9CpQ061i4mA==}
    engines: {node: '>=10'}

  color-convert@2.0.1:
    resolution: {integrity: sha512-RRECPsj7iu/xb5oKYcsFHSppFNnsj/52OVTRKb4zP5onXwVF3zVmmToNcOfGC+CRDpfK/U584fMg38ZHCaElKQ==}
    engines: {node: '>=7.0.0'}

  color-name@1.1.4:
    resolution: {integrity: sha512-dOy+3AuW3a2wNbZHIuMZpTcgjGuLU/uBL/ubcZF9OXbDo8ff4O8yVp5Bf0efS8uEoYo5q4Fx7dY9OgQGXgAsQA==}

  csstype@3.1.3:
    resolution: {integrity: sha512-M1uQkMl8rQK/szD0LNhtqxIPLpimGm8sOBwU7lLnCpSbTyY3yeU1Vc7l4KT5zT4s/yOxHH5O7tIuuLOCnLADRw==}

  diff-sequences@26.6.2:
    resolution: {integrity: sha512-Mv/TDa3nZ9sbc5soK+OoA74BsS3mL37yixCvUAQkiuA4Wz6YtwP/K47n2rv2ovzHZvoiQeA5FTQOschKkEwB0Q==}
    engines: {node: '>= 10.14.2'}

  has-flag@4.0.0:
    resolution: {integrity: sha512-EykJT/Q1KjTWctppgIAgfSO0tKVuZUjhgMr17kqTumMl6Afv3EISleU7qZUzoXDFTAHTDC4NOoG/ZxU3EvlMPQ==}
    engines: {node: '>=8'}

  jest-diff@26.6.2:
    resolution: {integrity: sha512-6m+9Z3Gv9wN0WFVasqjCL/06+EFCMTqDEUl/b87HYK2rAPTyfz4ZIuSlPhY51PIQRWx5TaxeF1qmXKe9gfN3sA==}
    engines: {node: '>= 10.14.2'}

  jest-get-type@26.3.0:
    resolution: {integrity: sha512-TpfaviN1R2pQWkIihlfEanwOXK0zcxrKEE4MlU6Tn7keoXdN6/3gK/xl0yEh8DOunn5pOVGKf8hB4R9gVh04ig==}
    engines: {node: '>= 10.14.2'}

  jest-matcher-utils@26.6.2:
    resolution: {integrity: sha512-llnc8vQgYcNqDrqRDXWwMr9i7rS5XFiCwvh6DTP7Jqa2mqpcCBBlpCbn+trkG0KNhPu/h8rzyBkriOtBstvWhw==}
    engines: {node: '>= 10.14.2'}

  js-tokens@4.0.0:
    resolution: {integrity: sha512-RdJUflcE3cUzKiMqQgsCu06FPu9UdIJO0beYbPhHN4k6apgJtifcoCtT9bcxOpYBtpD2kCM6Sbzg4CausW/PKQ==}

  loose-envify@1.4.0:
    resolution: {integrity: sha512-lyuxPGr/Wfhrlem2CL/UcnUc1zcqKAImBDzukY7Y5F/yQiNdko6+fRLevlw1HgMySw7f611UIY408EtxRSoK3Q==}
    hasBin: true

  pretty-format@26.6.2:
    resolution: {integrity: sha512-7AeGuCYNGmycyQbCqd/3PWH4eOoX/OiCa0uphp57NVTeAGdJGaAliecxwBDHYQCIvrW7aDBZCYeNTP/WX69mkg==}
    engines: {node: '>= 10'}

  react-is@17.0.2:
    resolution: {integrity: sha512-w2GsyukL62IJnlaff/nRegPQR94C/XXamvMWmSHRJ4y7Ts/4ocGRmTHvOs8PSE6pB3dWOrD/nueuU5sduBsQ4w==}

  react@18.3.1:
    resolution: {integrity: sha512-wS+hAgJShR0KhEvPJArfuPVN1+Hz1t0Y6n5jLrGQbkb4urgPE/0Rve+1kMB1v/oWgHgm4WIcV+i7F2pTVj+2iQ==}
    engines: {node: '>=0.10.0'}

  supports-color@7.2.0:
    resolution: {integrity: sha512-qpCAvRl9stuOHveKsn7HncJRvv501qIacKzQlO/+Lwxc9+0q2wLyv4Dfvt80/DPn2pqOBsJdDiogXGR9+OvwRw==}
    engines: {node: '>=8'}

  typescript@5.9.2:
    resolution: {integrity: sha512-CWBzXQrc/qOkhidw1OzBTQuYRbfyxDXJMVJ1XNwUHGROVmuaeiEm3OslpZ1RV96d7SKKjZKrSJu3+t/xlw3R9A==}
    engines: {node: '>=14.17'}
    hasBin: true

  undici-types@7.12.0:
    resolution: {integrity: sha512-goOacqME2GYyOZZfb5Lgtu+1IDmAlAEu5xnD3+xTzS10hT0vzpf0SPjkXwAw9Jm+4n/mQGDP3LO8CPbYROeBfQ==}

snapshots:

  '@hubspot/ui-extensions@0.10.1(@remote-ui/react@5.0.8(react@18.3.1))(react@18.3.1)(typescript@5.9.2)':
    dependencies:
      '@remote-ui/react': 5.0.8(react@18.3.1)
      '@remote-ui/testing': 1.4.3
      react: 18.3.1
    optionalDependencies:
      typescript: 5.9.2

  '@jest/types@26.6.2':
    dependencies:
      '@types/istanbul-lib-coverage': 2.0.6
      '@types/istanbul-reports': 3.0.4
      '@types/node': 24.5.1
      '@types/yargs': 15.0.19
      chalk: 4.1.2

  '@remote-ui/async-subscription@2.1.18':
    dependencies:
      '@remote-ui/rpc': 1.4.7

  '@remote-ui/core@2.2.7':
    dependencies:
      '@remote-ui/rpc': 1.4.7
      '@remote-ui/types': 1.1.3

  '@remote-ui/react@5.0.8(react@18.3.1)':
    dependencies:
      '@remote-ui/async-subscription': 2.1.18
      '@remote-ui/core': 2.2.7
      '@remote-ui/rpc': 1.4.7
      '@types/react': 18.3.24
      '@types/react-reconciler': 0.28.9(@types/react@18.3.24)
      react: 18.3.1

  '@remote-ui/rpc@1.4.7': {}

  '@remote-ui/testing@1.4.3':
    dependencies:
      '@remote-ui/core': 2.2.7
      jest-matcher-utils: 26.6.2

  '@remote-ui/types@1.1.3': {}

  '@types/istanbul-lib-coverage@2.0.6': {}

  '@types/istanbul-lib-report@3.0.3':
    dependencies:
      '@types/istanbul-lib-coverage': 2.0.6

  '@types/istanbul-reports@3.0.4':
    dependencies:
      '@types/istanbul-lib-report': 3.0.3

  '@types/node@24.5.1':
    dependencies:
      undici-types: 7.12.0

  '@types/prop-types@15.7.15': {}

  '@types/react-reconciler@0.28.9(@types/react@18.3.24)':
    dependencies:
      '@types/react': 18.3.24

  '@types/react@18.3.24':
    dependencies:
      '@types/prop-types': 15.7.15
      csstype: 3.1.3

  '@types/yargs-parser@21.0.3': {}

  '@types/yargs@15.0.19':
    dependencies:
      '@types/yargs-parser': 21.0.3

  ansi-regex@5.0.1: {}

  ansi-styles@4.3.0:
    dependencies:
      color-convert: 2.0.1

  chalk@4.1.2:
    dependencies:
      ansi-styles: 4.3.0
      supports-color: 7.2.0

  color-convert@2.0.1:
    dependencies:
      color-name: 1.1.4

  color-name@1.1.4: {}

  csstype@3.1.3: {}

  diff-sequences@26.6.2: {}

  has-flag@4.0.0: {}

  jest-diff@26.6.2:
    dependencies:
      chalk: 4.1.2
      diff-sequences: 26.6.2
      jest-get-type: 26.3.0
      pretty-format: 26.6.2

  jest-get-type@26.3.0: {}

  jest-matcher-utils@26.6.2:
    dependencies:
      chalk: 4.1.2
      jest-diff: 26.6.2
      jest-get-type: 26.3.0
      pretty-format: 26.6.2

  js-tokens@4.0.0: {}

  loose-envify@1.4.0:
    dependencies:
      js-tokens: 4.0.0

  pretty-format@26.6.2:
    dependencies:
      '@jest/types': 26.6.2
      ansi-regex: 5.0.1
      ansi-styles: 4.3.0
      react-is: 17.0.2

  react-is@17.0.2: {}

  react@18.3.1:
    dependencies:
      loose-envify: 1.4.0

  supports-color@7.2.0:
    dependencies:
      has-flag: 4.0.0

  typescript@5.9.2: {}

  undici-types@7.12.0: {}
